// !$*UTF8*$!
{
	archiveVersion = 1;
	classes = {
	};
	objectVersion = 56;
	objects = {

/* Begin PBXBuildFile section */
		BD29893729F67C5000A3EB70 /* AppDelegate.swift in Sources */ = {isa = PBXBuildFile; fileRef = BD29893629F67C5000A3EB70 /* AppDelegate.swift */; };
		BD29893929F67C5000A3EB70 /* SceneDelegate.swift in Sources */ = {isa = PBXBuildFile; fileRef = BD29893829F67C5000A3EB70 /* SceneDelegate.swift */; };
		BD29893B29F67C5000A3EB70 /* CalculateViewController.swift in Sources */ = {isa = PBXBuildFile; fileRef = BD29893A29F67C5000A3EB70 /* CalculateViewController.swift */; };
		BD29893E29F67C5000A3EB70 /* Main.storyboard in Resources */ = {isa = PBXBuildFile; fileRef = BD29893C29F67C5000A3EB70 /* Main.storyboard */; };
		BD29894029F67C5200A3EB70 /* Assets.xcassets in Resources */ = {isa = PBXBuildFile; fileRef = BD29893F29F67C5200A3EB70 /* Assets.xcassets */; };
		BD29894329F67C5200A3EB70 /* LaunchScreen.storyboard in Resources */ = {isa = PBXBuildFile; fileRef = BD29894129F67C5200A3EB70 /* LaunchScreen.storyboard */; };
		BD29894B29F67D0900A3EB70 /* ResultsViewController.swift in Sources */ = {isa = PBXBuildFile; fileRef = BD29894A29F67D0900A3EB70 /* ResultsViewController.swift */; };
		BD29894E29F6855D00A3EB70 /* BMI.swift in Sources */ = {isa = PBXBuildFile; fileRef = BD29894D29F6855D00A3EB70 /* BMI.swift */; };
		BD29895029F6857100A3EB70 /* CalculatorBrain.swift in Sources */ = {isa = PBXBuildFile; fileRef = BD29894F29F6857100A3EB70 /* CalculatorBrain.swift */; };
/* End PBXBuildFile section */

/* Begin PBXFileReference section */
		BD29893329F67C5000A3EB70 /* CalcBMI.app */ = {isa = PBXFileReference; explicitFileType = wrapper.application; includeInIndex = 0; path = CalcBMI.app; sourceTree = BUILT_PRODUCTS_DIR; };
		BD29893629F67C5000A3EB70 /* AppDelegate.swift */ = {isa = PBXFileReference; lastKnownFileType = sourcecode.swift; path = AppDelegate.swift; sourceTree = "<group>"; };
		BD29893829F67C5000A3EB70 /* SceneDelegate.swift */ = {isa = PBXFileReference; lastKnownFileType = sourcecode.swift; path = SceneDelegate.swift; sourceTree = "<group>"; };
		BD29893A29F67C5000A3EB70 /* CalculateViewController.swift */ = {isa = PBXFileReference; lastKnownFileType = sourcecode.swift; path = CalculateViewController.swift; sourceTree = "<group>"; };
		BD29893D29F67C5000A3EB70 /* Base */ = {isa = PBXFileReference; lastKnownFileType = file.storyboard; name = Base; path = Base.lproj/Main.storyboard; sourceTree = "<group>"; };
		BD29893F29F67C5200A3EB70 /* Assets.xcassets */ = {isa = PBXFileReference; lastKnownFileType = folder.assetcatalog; path = Assets.xcassets; sourceTree = "<group>"; };
		BD29894229F67C5200A3EB70 /* Base */ = {isa = PBXFileReference; lastKnownFileType = file.storyboard; name = Base; path = Base.lproj/LaunchScreen.storyboard; sourceTree = "<group>"; };
		BD29894429F67C5200A3EB70 /* Info.plist */ = {isa = PBXFileReference; lastKnownFileType = text.plist.xml; path = Info.plist; sourceTree = "<group>"; };
		BD29894A29F67D0900A3EB70 /* ResultsViewController.swift */ = {isa = PBXFileReference; lastKnownFileType = sourcecode.swift; path = ResultsViewController.swift; sourceTree = "<group>"; };
		BD29894D29F6855D00A3EB70 /* BMI.swift */ = {isa = PBXFileReference; lastKnownFileType = sourcecode.swift; path = BMI.swift; sourceTree = "<group>"; };
		BD29894F29F6857100A3EB70 /* CalculatorBrain.swift */ = {isa = PBXFileReference; lastKnownFileType = sourcecode.swift; path = CalculatorBrain.swift; sourceTree = "<group>"; };
		BD29895429F68CCF00A3EB70 /* ko */ = {isa = PBXFileReference; lastKnownFileType = text.plist.strings; name = ko; path = ko.lproj/Main.strings; sourceTree = "<group>"; };
		BD29895529F68CCF00A3EB70 /* ko */ = {isa = PBXFileReference; lastKnownFileType = text.plist.strings; name = ko; path = ko.lproj/LaunchScreen.strings; sourceTree = "<group>"; };
/* End PBXFileReference section */

/* Begin PBXFrameworksBuildPhase section */
		BD29893029F67C5000A3EB70 /* Frameworks */ = {
			isa = PBXFrameworksBuildPhase;
			buildActionMask = 2147483647;
			files = (
			);
			runOnlyForDeploymentPostprocessing = 0;
		};
/* End PBXFrameworksBuildPhase section */

/* Begin PBXGroup section */
		BD29892A29F67C5000A3EB70 = {
			isa = PBXGroup;
			children = (
				BD29893529F67C5000A3EB70 /* CalcBMI */,
				BD29893429F67C5000A3EB70 /* Products */,
			);
			sourceTree = "<group>";
		};
		BD29893429F67C5000A3EB70 /* Products */ = {
			isa = PBXGroup;
			children = (
				BD29893329F67C5000A3EB70 /* CalcBMI.app */,
			);
			name = Products;
			sourceTree = "<group>";
		};
		BD29893529F67C5000A3EB70 /* CalcBMI */ = {
			isa = PBXGroup;
			children = (
				BD29893629F67C5000A3EB70 /* AppDelegate.swift */,
				BD29893829F67C5000A3EB70 /* SceneDelegate.swift */,
				BD29895129F6857600A3EB70 /* Models */,
				BD29894C29F6854C00A3EB70 /* Controllers */,
				BD976D6129F7FDF100D29B64 /* Views */,
				BD29893F29F67C5200A3EB70 /* Assets.xcassets */,
				BD29894129F67C5200A3EB70 /* LaunchScreen.storyboard */,
				BD29894429F67C5200A3EB70 /* Info.plist */,
			);
			path = CalcBMI;
			sourceTree = "<group>";
		};
		BD29894C29F6854C00A3EB70 /* Controllers */ = {
			isa = PBXGroup;
			children = (
				BD29893A29F67C5000A3EB70 /* CalculateViewController.swift */,
				BD29894A29F67D0900A3EB70 /* ResultsViewController.swift */,
			);
			path = Controllers;
			sourceTree = "<group>";
		};
		BD29895129F6857600A3EB70 /* Models */ = {
			isa = PBXGroup;
			children = (
				BD29894D29F6855D00A3EB70 /* BMI.swift */,
				BD29894F29F6857100A3EB70 /* CalculatorBrain.swift */,
			);
			path = Models;
			sourceTree = "<group>";
		};
		BD976D6129F7FDF100D29B64 /* Views */ = {
			isa = PBXGroup;
			children = (
				BD29893C29F67C5000A3EB70 /* Main.storyboard */,
			);
			path = Views;
			sourceTree = "<group>";
		};
/* End PBXGroup section */

/* Begin PBXNativeTarget section */
		BD29893229F67C5000A3EB70 /* CalcBMI */ = {
			isa = PBXNativeTarget;
			buildConfigurationList = BD29894729F67C5200A3EB70 /* Build configuration list for PBXNativeTarget "CalcBMI" */;
			buildPhases = (
				BD29892F29F67C5000A3EB70 /* Sources */,
				BD29893029F67C5000A3EB70 /* Frameworks */,
				BD29893129F67C5000A3EB70 /* Resources */,
			);
			buildRules = (
			);
			dependencies = (
			);
			name = CalcBMI;
			productName = CalcBMI;
			productReference = BD29893329F67C5000A3EB70 /* CalcBMI.app */;
			productType = "com.apple.product-type.application";
		};
/* End PBXNativeTarget section */

/* Begin PBXProject section */
		BD29892B29F67C5000A3EB70 /* Project object */ = {
			isa = PBXProject;
			attributes = {
				BuildIndependentTargetsInParallel = 1;
				LastSwiftUpdateCheck = 1430;
				LastUpgradeCheck = 1430;
				TargetAttributes = {
					BD29893229F67C5000A3EB70 = {
						CreatedOnToolsVersion = 14.3;
					};
				};
			};
			buildConfigurationList = BD29892E29F67C5000A3EB70 /* Build configuration list for PBXProject "CalcBMI" */;
			compatibilityVersion = "Xcode 14.0";
			developmentRegion = en;
			hasScannedForEncodings = 0;
			knownRegions = (
				en,
				Base,
				ko,
			);
			mainGroup = BD29892A29F67C5000A3EB70;
			productRefGroup = BD29893429F67C5000A3EB70 /* Products */;
			projectDirPath = "";
			projectRoot = "";
			targets = (
				BD29893229F67C5000A3EB70 /* CalcBMI */,
			);
		};
/* End PBXProject section */

/* Begin PBXResourcesBuildPhase section */
		BD29893129F67C5000A3EB70 /* Resources */ = {
			isa = PBXResourcesBuildPhase;
			buildActionMask = 2147483647;
			files = (
				BD29894329F67C5200A3EB70 /* LaunchScreen.storyboard in Resources */,
				BD29894029F67C5200A3EB70 /* Assets.xcassets in Resources */,
				BD29893E29F67C5000A3EB70 /* Main.storyboard in Resources */,
			);
			runOnlyForDeploymentPostprocessing = 0;
		};
/* End PBXResourcesBuildPhase section */

/* Begin PBXSourcesBuildPhase section */
		BD29892F29F67C5000A3EB70 /* Sources */ = {
			isa = PBXSourcesBuildPhase;
			buildActionMask = 2147483647;
			files = (
				BD29895029F6857100A3EB70 /* CalculatorBrain.swift in Sources */,
				BD29894E29F6855D00A3EB70 /* BMI.swift in Sources */,
				BD29893B29F67C5000A3EB70 /* CalculateViewController.swift in Sources */,
				BD29893729F67C5000A3EB70 /* AppDelegate.swift in Sources */,
				BD29893929F67C5000A3EB70 /* SceneDelegate.swift in Sources */,
				BD29894B29F67D0900A3EB70 /* ResultsViewController.swift in Sources */,
			);
			runOnlyForDeploymentPostprocessing = 0;
		};
/* End PBXSourcesBuildPhase section */

/* Begin PBXVariantGroup section */
		BD29893C29F67C5000A3EB70 /* Main.storyboard */ = {
			isa = PBXVariantGroup;
			children = (
				BD29893D29F67C5000A3EB70 /* Base */,
				BD29895429F68CCF00A3EB70 /* ko */,
			);
			name = Main.storyboard;
			sourceTree = "<group>";
		};
		BD29894129F67C5200A3EB70 /* LaunchScreen.storyboard */ = {
			isa = PBXVariantGroup;
			children = (
				BD29894229F67C5200A3EB70 /* Base */,
				BD29895529F68CCF00A3EB70 /* ko */,
			);
			name = LaunchScreen.storyboard;
			sourceTree = "<group>";
		};
/* End PBXVariantGroup section */

/* Begin XCBuildConfiguration section */
		BD29894529F67C5200A3EB70 /* Debug */ = {
			isa = XCBuildConfiguration;
			buildSettings = {
				ALWAYS_SEARCH_USER_PATHS = NO;
				CLANG_ANALYZER_LOCALIZABILITY_NONLOCALIZED = YES;
				CLANG_ANALYZER_NONNULL = YES;
				CLANG_ANALYZER_NUMBER_OBJECT_CONVERSION = YES_AGGRESSIVE;
				CLANG_CXX_LANGUAGE_STANDARD = "gnu++20";
				CLANG_ENABLE_MODULES = YES;
				CLANG_ENABLE_OBJC_ARC = YES;
				CLANG_ENABLE_OBJC_WEAK = YES;
				CLANG_WARN_BLOCK_CAPTURE_AUTORELEASING = YES;
				CLANG_WARN_BOOL_CONVERSION = YES;
				CLANG_WARN_COMMA = YES;
				CLANG_WARN_CONSTANT_CONVERSION = YES;
				CLANG_WARN_DEPRECATED_OBJC_IMPLEMENTATIONS = YES;
				CLANG_WARN_DIRECT_OBJC_ISA_USAGE = YES_ERROR;
				CLANG_WARN_DOCUMENTATION_COMMENTS = YES;
				CLANG_WARN_EMPTY_BODY = YES;
				CLANG_WARN_ENUM_CONVERSION = YES;
				CLANG_WARN_INFINITE_RECURSION = YES;
				CLANG_WARN_INT_CONVERSION = YES;
				CLANG_WARN_NON_LITERAL_NULL_CONVERSION = YES;
				CLANG_WARN_OBJC_IMPLICIT_RETAIN_SELF = YES;
				CLANG_WARN_OBJC_LITERAL_CONVERSION = YES;
				CLANG_WARN_OBJC_ROOT_CLASS = YES_ERROR;
				CLANG_WARN_QUOTED_INCLUDE_IN_FRAMEWORK_HEADER = YES;
				CLANG_WARN_RANGE_LOOP_ANALYSIS = YES;
				CLANG_WARN_STRICT_PROTOTYPES = YES;
				CLANG_WARN_SUSPICIOUS_MOVE = YES;
				CLANG_WARN_UNGUARDED_AVAILABILITY = YES_AGGRESSIVE;
				CLANG_WARN_UNREACHABLE_CODE = YES;
				CLANG_WARN__DUPLICATE_METHOD_MATCH = YES;
				COPY_PHASE_STRIP = NO;
				DEBUG_INFORMATION_FORMAT = dwarf;
				ENABLE_STRICT_OBJC_MSGSEND = YES;
				ENABLE_TESTABILITY = YES;
				GCC_C_LANGUAGE_STANDARD = gnu11;
				GCC_DYNAMIC_NO_PIC = NO;
				GCC_NO_COMMON_BLOCKS = YES;
				GCC_OPTIMIZATION_LEVEL = 0;
				GCC_PREPROCESSOR_DEFINITIONS = (
					"DEBUG=1",
					"$(inherited)",
				);
				GCC_WARN_64_TO_32_BIT_CONVERSION = YES;
				GCC_WARN_ABOUT_RETURN_TYPE = YES_ERROR;
				GCC_WARN_UNDECLARED_SELECTOR = YES;
				GCC_WARN_UNINITIALIZED_AUTOS = YES_AGGRESSIVE;
				GCC_WARN_UNUSED_FUNCTION = YES;
				GCC_WARN_UNUSED_VARIABLE = YES;
				IPHONEOS_DEPLOYMENT_TARGET = 16.4;
				MTL_ENABLE_DEBUG_INFO = INCLUDE_SOURCE;
				MTL_FAST_MATH = YES;
				ONLY_ACTIVE_ARCH = YES;
				SDKROOT = iphoneos;
				SWIFT_ACTIVE_COMPILATION_CONDITIONS = DEBUG;
				SWIFT_OPTIMIZATION_LEVEL = "-Onone";
			};
			name = Debug;
		};
		BD29894629F67C5200A3EB70 /* Release */ = {
			isa = XCBuildConfiguration;
			buildSettings = {
				ALWAYS_SEARCH_USER_PATHS = NO;
				CLANG_ANALYZER_LOCALIZABILITY_NONLOCALIZED = YES;
				CLANG_ANALYZER_NONNULL = YES;
				CLANG_ANALYZER_NUMBER_OBJECT_CONVERSION = YES_AGGRESSIVE;
				CLANG_CXX_LANGUAGE_STANDARD = "gnu++20";
				CLANG_ENABLE_MODULES = YES;
				CLANG_ENABLE_OBJC_ARC = YES;
				CLANG_ENABLE_OBJC_WEAK = YES;
				CLANG_WARN_BLOCK_CAPTURE_AUTORELEASING = YES;
				CLANG_WARN_BOOL_CONVERSION = YES;
				CLANG_WARN_COMMA = YES;
				CLANG_WARN_CONSTANT_CONVERSION = YES;
				CLANG_WARN_DEPRECATED_OBJC_IMPLEMENTATIONS = YES;
				CLANG_WARN_DIRECT_OBJC_ISA_USAGE = YES_ERROR;
				CLANG_WARN_DOCUMENTATION_COMMENTS = YES;
				CLANG_WARN_EMPTY_BODY = YES;
				CLANG_WARN_ENUM_CONVERSION = YES;
				CLANG_WARN_INFINITE_RECURSION = YES;
				CLANG_WARN_INT_CONVERSION = YES;
				CLANG_WARN_NON_LITERAL_NULL_CONVERSION = YES;
				CLANG_WARN_OBJC_IMPLICIT_RETAIN_SELF = YES;
				CLANG_WARN_OBJC_LITERAL_CONVERSION = YES;
				CLANG_WARN_OBJC_ROOT_CLASS = YES_ERROR;
				CLANG_WARN_QUOTED_INCLUDE_IN_FRAMEWORK_HEADER = YES;
				CLANG_WARN_RANGE_LOOP_ANALYSIS = YES;
				CLANG_WARN_STRICT_PROTOTYPES = YES;
				CLANG_WARN_SUSPICIOUS_MOVE = YES;
				CLANG_WARN_UNGUARDED_AVAILABILITY = YES_AGGRESSIVE;
				CLANG_WARN_UNREACHABLE_CODE = YES;
				CLANG_WARN__DUPLICATE_METHOD_MATCH = YES;
				COPY_PHASE_STRIP = NO;
				DEBUG_INFORMATION_FORMAT = "dwarf-with-dsym";
				ENABLE_NS_ASSERTIONS = NO;
				ENABLE_STRICT_OBJC_MSGSEND = YES;
				GCC_C_LANGUAGE_STANDARD = gnu11;
				GCC_NO_COMMON_BLOCKS = YES;
				GCC_WARN_64_TO_32_BIT_CONVERSION = YES;
				GCC_WARN_ABOUT_RETURN_TYPE = YES_ERROR;
				GCC_WARN_UNDECLARED_SELECTOR = YES;
				GCC_WARN_UNINITIALIZED_AUTOS = YES_AGGRESSIVE;
				GCC_WARN_UNUSED_FUNCTION = YES;
				GCC_WARN_UNUSED_VARIABLE = YES;
				IPHONEOS_DEPLOYMENT_TARGET = 16.4;
				MTL_ENABLE_DEBUG_INFO = NO;
				MTL_FAST_MATH = YES;
				SDKROOT = iphoneos;
				SWIFT_COMPILATION_MODE = wholemodule;
				SWIFT_OPTIMIZATION_LEVEL = "-O";
				VALIDATE_PRODUCT = YES;
			};
			name = Release;
		};
		BD29894829F67C5200A3EB70 /* Debug */ = {
			isa = XCBuildConfiguration;
			buildSettings = {
				ASSETCATALOG_COMPILER_APPICON_NAME = AppIcon;
				ASSETCATALOG_COMPILER_GLOBAL_ACCENT_COLOR_NAME = AccentColor;
				CODE_SIGN_STYLE = Automatic;
				CURRENT_PROJECT_VERSION = 1;
				DEVELOPMENT_TEAM = 5T77P5BHX5;
				GENERATE_INFOPLIST_FILE = YES;
				INFOPLIST_FILE = CalcBMI/Info.plist;
				INFOPLIST_KEY_UIApplicationSupportsIndirectInputEvents = YES;
				INFOPLIST_KEY_UILaunchStoryboardName = LaunchScreen;
				INFOPLIST_KEY_UIMainStoryboardFile = Main;
				INFOPLIST_KEY_UISupportedInterfaceOrientations_iPad = "UIInterfaceOrientationPortrait UIInterfaceOrientationPortraitUpsideDown UIInterfaceOrientationLandscapeLeft UIInterfaceOrientationLandscapeRight";
				INFOPLIST_KEY_UISupportedInterfaceOrientations_iPhone = "UIInterfaceOrientationPortrait UIInterfaceOrientationLandscapeLeft UIInterfaceOrientationLandscapeRight";
				LD_RUNPATH_SEARCH_PATHS = (
					"$(inherited)",
					"@executable_path/Frameworks",
				);
				MARKETING_VERSION = 1.0;
				PRODUCT_BUNDLE_IDENTIFIER = com.eunji.CalcBMI;
				PRODUCT_NAME = "$(TARGET_NAME)";
				SWIFT_EMIT_LOC_STRINGS = YES;
				SWIFT_VERSION = 5.0;
				TARGETED_DEVICE_FAMILY = "1,2";
			};
			name = Debug;
		};
		BD29894929F67C5200A3EB70 /* Release */ = {
			isa = XCBuildConfiguration;
			buildSettings = {
				ASSETCATALOG_COMPILER_APPICON_NAME = AppIcon;
				ASSETCATALOG_COMPILER_GLOBAL_ACCENT_COLOR_NAME = AccentColor;
				CODE_SIGN_STYLE = Automatic;
				CURRENT_PROJECT_VERSION = 1;
				DEVELOPMENT_TEAM = 5T77P5BHX5;
				GENERATE_INFOPLIST_FILE = YES;
				INFOPLIST_FILE = CalcBMI/Info.plist;
				INFOPLIST_KEY_UIApplicationSupportsIndirectInputEvents = YES;
				INFOPLIST_KEY_UILaunchStoryboardName = LaunchScreen;
				INFOPLIST_KEY_UIMainStoryboardFile = Main;
				INFOPLIST_KEY_UISupportedInterfaceOrientations_iPad = "UIInterfaceOrientationPortrait UIInterfaceOrientationPortraitUpsideDown UIInterfaceOrientationLandscapeLeft UIInterfaceOrientationLandscapeRight";
				INFOPLIST_KEY_UISupportedInterfaceOrientations_iPhone = "UIInterfaceOrientationPortrait UIInterfaceOrientationLandscapeLeft UIInterfaceOrientationLandscapeRight";
				LD_RUNPATH_SEARCH_PATHS = (
					"$(inherited)",
					"@executable_path/Frameworks",
				);
				MARKETING_VERSION = 1.0;
				PRODUCT_BUNDLE_IDENTIFIER = com.eunji.CalcBMI;
				PRODUCT_NAME = "$(TARGET_NAME)";
				SWIFT_EMIT_LOC_STRINGS = YES;
				SWIFT_VERSION = 5.0;
				TARGETED_DEVICE_FAMILY = "1,2";
			};
			name = Release;
		};
/* End XCBuildConfiguration section */

/* Begin XCConfigurationList section */
		BD29892E29F67C5000A3EB70 /* Build configuration list for PBXProject "CalcBMI" */ = {
			isa = XCConfigurationList;
			buildConfigurations = (
				BD29894529F67C5200A3EB70 /* Debug */,
				BD29894629F67C5200A3EB70 /* Release */,
			);
			defaultConfigurationIsVisible = 0;
			defaultConfigurationName = Release;
		};
		BD29894729F67C5200A3EB70 /* Build configuration list for PBXNativeTarget "CalcBMI" */ = {
			isa = XCConfigurationList;
			buildConfigurations = (
				BD29894829F67C5200A3EB70 /* Debug */,
				BD29894929F67C5200A3EB70 /* Release */,
			);
			defaultConfigurationIsVisible = 0;
			defaultConfigurationName = Release;
		};
/* End XCConfigurationList section */
	};
	rootObject = BD29892B29F67C5000A3EB70 /* Project object */;
}
