// !$*UTF8*$!
{
	archiveVersion = 1;
	classes = {
	};
	objectVersion = 56;
	objects = {

/* Begin PBXBuildFile section */
		BD34A3482A0783B800AC4BE7 /* RMLocationView.swift in Sources */ = {isa = PBXBuildFile; fileRef = BD34A3472A0783B800AC4BE7 /* RMLocationView.swift */; };
		BD34A34A2A0785EA00AC4BE7 /* RMLocationViewViewModel.swift in Sources */ = {isa = PBXBuildFile; fileRef = BD34A3492A0785EA00AC4BE7 /* RMLocationViewViewModel.swift */; };
		BD34A34C2A07B19000AC4BE7 /* RMGetAllLocationsResponse.swift in Sources */ = {isa = PBXBuildFile; fileRef = BD34A34B2A07B19000AC4BE7 /* RMGetAllLocationsResponse.swift */; };
		BD34A34E2A07B61000AC4BE7 /* RMLocationTableViewCell.swift in Sources */ = {isa = PBXBuildFile; fileRef = BD34A34D2A07B61000AC4BE7 /* RMLocationTableViewCell.swift */; };
		BD34A3512A07B6AC00AC4BE7 /* RMLocationTableViewCellViewModel.swift in Sources */ = {isa = PBXBuildFile; fileRef = BD34A3502A07B6AC00AC4BE7 /* RMLocationTableViewCellViewModel.swift */; };
		BD34A3532A07D9FB00AC4BE7 /* RMLocationDetailViewController.swift in Sources */ = {isa = PBXBuildFile; fileRef = BD34A3522A07D9FB00AC4BE7 /* RMLocationDetailViewController.swift */; };
		BD34A3562A07DBBA00AC4BE7 /* RMLocationDetailView.swift in Sources */ = {isa = PBXBuildFile; fileRef = BD34A3552A07DBBA00AC4BE7 /* RMLocationDetailView.swift */; };
		BD34A3582A07DC6600AC4BE7 /* RMLocationDetailViewViewModel.swift in Sources */ = {isa = PBXBuildFile; fileRef = BD34A3572A07DC6600AC4BE7 /* RMLocationDetailViewViewModel.swift */; };
		BD34A35B2A089CC700AC4BE7 /* RMSearchView.swift in Sources */ = {isa = PBXBuildFile; fileRef = BD34A35A2A089CC700AC4BE7 /* RMSearchView.swift */; };
		BD34A35D2A089D3A00AC4BE7 /* RMSearchViewViewModel.swift in Sources */ = {isa = PBXBuildFile; fileRef = BD34A35C2A089D3A00AC4BE7 /* RMSearchViewViewModel.swift */; };
		BD34A35F2A089E7800AC4BE7 /* RMNoSearchResultsView.swift in Sources */ = {isa = PBXBuildFile; fileRef = BD34A35E2A089E7800AC4BE7 /* RMNoSearchResultsView.swift */; };
		BD34A3622A089EAF00AC4BE7 /* RMNoSearchResultsViewViewModel.swift in Sources */ = {isa = PBXBuildFile; fileRef = BD34A3612A089EAF00AC4BE7 /* RMNoSearchResultsViewViewModel.swift */; };
		BD34A3642A089ED900AC4BE7 /* RMSearchInputView.swift in Sources */ = {isa = PBXBuildFile; fileRef = BD34A3632A089ED900AC4BE7 /* RMSearchInputView.swift */; };
		BD34A3662A089EF900AC4BE7 /* RMSearchInputViewViewModel.swift in Sources */ = {isa = PBXBuildFile; fileRef = BD34A3652A089EF900AC4BE7 /* RMSearchInputViewViewModel.swift */; };
		BDD44C5F29FFAABF006F5B2A /* AppDelegate.swift in Sources */ = {isa = PBXBuildFile; fileRef = BDD44C5E29FFAABF006F5B2A /* AppDelegate.swift */; };
		BDD44C6129FFAABF006F5B2A /* SceneDelegate.swift in Sources */ = {isa = PBXBuildFile; fileRef = BDD44C6029FFAABF006F5B2A /* SceneDelegate.swift */; };
		BDD44C6329FFAABF006F5B2A /* RMTabBarController.swift in Sources */ = {isa = PBXBuildFile; fileRef = BDD44C6229FFAABF006F5B2A /* RMTabBarController.swift */; };
		BDD44C6829FFAAC1006F5B2A /* Assets.xcassets in Resources */ = {isa = PBXBuildFile; fileRef = BDD44C6729FFAAC1006F5B2A /* Assets.xcassets */; };
		BDD44C6B29FFAAC1006F5B2A /* LaunchScreen.storyboard in Resources */ = {isa = PBXBuildFile; fileRef = BDD44C6929FFAAC1006F5B2A /* LaunchScreen.storyboard */; };
		BDD44C7A29FFC2A8006F5B2A /* RMLocation.swift in Sources */ = {isa = PBXBuildFile; fileRef = BDD44C7929FFC2A8006F5B2A /* RMLocation.swift */; };
		BDD44C7C29FFC2BD006F5B2A /* RMCharacter.swift in Sources */ = {isa = PBXBuildFile; fileRef = BDD44C7B29FFC2BD006F5B2A /* RMCharacter.swift */; };
		BDD44C7E29FFC2C6006F5B2A /* RMEpisode.swift in Sources */ = {isa = PBXBuildFile; fileRef = BDD44C7D29FFC2C6006F5B2A /* RMEpisode.swift */; };
		BDD44C8129FFC356006F5B2A /* RMCharacterViewController.swift in Sources */ = {isa = PBXBuildFile; fileRef = BDD44C8029FFC356006F5B2A /* RMCharacterViewController.swift */; };
		BDD44C8329FFC368006F5B2A /* RMLocationViewController.swift in Sources */ = {isa = PBXBuildFile; fileRef = BDD44C8229FFC368006F5B2A /* RMLocationViewController.swift */; };
		BDD44C8529FFC372006F5B2A /* RMEpisodeViewController.swift in Sources */ = {isa = PBXBuildFile; fileRef = BDD44C8429FFC372006F5B2A /* RMEpisodeViewController.swift */; };
		BDD44C8729FFC386006F5B2A /* RMSettingViewController.swift in Sources */ = {isa = PBXBuildFile; fileRef = BDD44C8629FFC386006F5B2A /* RMSettingViewController.swift */; };
		BDD44C8929FFCB89006F5B2A /* RMService.swift in Sources */ = {isa = PBXBuildFile; fileRef = BDD44C8829FFCB89006F5B2A /* RMService.swift */; };
		BDD44C8B29FFCB99006F5B2A /* RMRequest.swift in Sources */ = {isa = PBXBuildFile; fileRef = BDD44C8A29FFCB99006F5B2A /* RMRequest.swift */; };
		BDD44C8D29FFCC3A006F5B2A /* RMEndpoint.swift in Sources */ = {isa = PBXBuildFile; fileRef = BDD44C8C29FFCC3A006F5B2A /* RMEndpoint.swift */; };
		BDD44C8F29FFD0BB006F5B2A /* RMOrigin.swift in Sources */ = {isa = PBXBuildFile; fileRef = BDD44C8E29FFD0BB006F5B2A /* RMOrigin.swift */; };
		BDD44C9129FFD119006F5B2A /* RMSingleLocation.swift in Sources */ = {isa = PBXBuildFile; fileRef = BDD44C9029FFD119006F5B2A /* RMSingleLocation.swift */; };
		BDD44C9329FFD268006F5B2A /* RMCharacterStatus.swift in Sources */ = {isa = PBXBuildFile; fileRef = BDD44C9229FFD268006F5B2A /* RMCharacterStatus.swift */; };
		BDD44C9529FFD29C006F5B2A /* RMCharacterGender.swift in Sources */ = {isa = PBXBuildFile; fileRef = BDD44C9429FFD29C006F5B2A /* RMCharacterGender.swift */; };
		BDD44C9929FFEEBB006F5B2A /* RMGetAllCharactersResponse.swift in Sources */ = {isa = PBXBuildFile; fileRef = BDD44C9829FFEEBB006F5B2A /* RMGetAllCharactersResponse.swift */; };
		BDD44C9B29FFF22E006F5B2A /* RMCharacterListViewViewModel.swift in Sources */ = {isa = PBXBuildFile; fileRef = BDD44C9A29FFF22E006F5B2A /* RMCharacterListViewViewModel.swift */; };
		BDD44C9D29FFF29D006F5B2A /* RMCharacterListView.swift in Sources */ = {isa = PBXBuildFile; fileRef = BDD44C9C29FFF29D006F5B2A /* RMCharacterListView.swift */; };
		BDD44C9F29FFF5F4006F5B2A /* Extensions.swift in Sources */ = {isa = PBXBuildFile; fileRef = BDD44C9E29FFF5F4006F5B2A /* Extensions.swift */; };
		BDD44CA12A00AC36006F5B2A /* RMCharacterCollectionViewCell.swift in Sources */ = {isa = PBXBuildFile; fileRef = BDD44CA02A00AC36006F5B2A /* RMCharacterCollectionViewCell.swift */; };
		BDD44CA32A00AD99006F5B2A /* RMCharacterCollectionViewCellViewModel.swift in Sources */ = {isa = PBXBuildFile; fileRef = BDD44CA22A00AD99006F5B2A /* RMCharacterCollectionViewCellViewModel.swift */; };
		BDD44CA62A00D287006F5B2A /* RMCharacterDetailViewController.swift in Sources */ = {isa = PBXBuildFile; fileRef = BDD44CA52A00D287006F5B2A /* RMCharacterDetailViewController.swift */; };
		BDD44CA82A00D2DA006F5B2A /* RMCharacterDetailView.swift in Sources */ = {isa = PBXBuildFile; fileRef = BDD44CA72A00D2DA006F5B2A /* RMCharacterDetailView.swift */; };
		BDD44CAA2A00D2EC006F5B2A /* RMCharacterDetailViewModel.swift in Sources */ = {isa = PBXBuildFile; fileRef = BDD44CA92A00D2EC006F5B2A /* RMCharacterDetailViewModel.swift */; };
		BDD44CAC2A00D725006F5B2A /* RMFooterLoadingCollectionReusableView.swift in Sources */ = {isa = PBXBuildFile; fileRef = BDD44CAB2A00D725006F5B2A /* RMFooterLoadingCollectionReusableView.swift */; };
		BDD44CAE2A0100FD006F5B2A /* RMImageLoader.swift in Sources */ = {isa = PBXBuildFile; fileRef = BDD44CAD2A0100FD006F5B2A /* RMImageLoader.swift */; };
		BDD44CB22A01200D006F5B2A /* RMCharacterPhotoCollectionViewCell.swift in Sources */ = {isa = PBXBuildFile; fileRef = BDD44CB12A01200D006F5B2A /* RMCharacterPhotoCollectionViewCell.swift */; };
		BDD44CB42A01201A006F5B2A /* RMCharacterInfoCollectionViewCell.swift in Sources */ = {isa = PBXBuildFile; fileRef = BDD44CB32A01201A006F5B2A /* RMCharacterInfoCollectionViewCell.swift */; };
		BDD44CB62A01202A006F5B2A /* RMCharacterEpisodeCollectionViewCell.swift in Sources */ = {isa = PBXBuildFile; fileRef = BDD44CB52A01202A006F5B2A /* RMCharacterEpisodeCollectionViewCell.swift */; };
		BDD44CB92A01208F006F5B2A /* RMCharacterInfoCollectionViewCellViewModel.swift in Sources */ = {isa = PBXBuildFile; fileRef = BDD44CB82A01208F006F5B2A /* RMCharacterInfoCollectionViewCellViewModel.swift */; };
		BDD44CBB2A01209F006F5B2A /* RMCharacterPhotoCollectionViewCellViewModel.swift in Sources */ = {isa = PBXBuildFile; fileRef = BDD44CBA2A01209F006F5B2A /* RMCharacterPhotoCollectionViewCellViewModel.swift */; };
		BDD44CBD2A0120C4006F5B2A /* RMCharacterEpisodeCollectionViewCellViewModel.swift in Sources */ = {isa = PBXBuildFile; fileRef = BDD44CBC2A0120C4006F5B2A /* RMCharacterEpisodeCollectionViewCellViewModel.swift */; };
		BDD44CBF2A024113006F5B2A /* RMEpisodeDetailViewController.swift in Sources */ = {isa = PBXBuildFile; fileRef = BDD44CBE2A024113006F5B2A /* RMEpisodeDetailViewController.swift */; };
		BDD44CC12A0242F4006F5B2A /* RMAPICacheManager.swift in Sources */ = {isa = PBXBuildFile; fileRef = BDD44CC02A0242F4006F5B2A /* RMAPICacheManager.swift */; };
		BDD44CC32A0246FE006F5B2A /* RMEpisodeDetailViewViewModel.swift in Sources */ = {isa = PBXBuildFile; fileRef = BDD44CC22A0246FE006F5B2A /* RMEpisodeDetailViewViewModel.swift */; };
		BDD44CC52A024752006F5B2A /* RMEpisodeDetailView.swift in Sources */ = {isa = PBXBuildFile; fileRef = BDD44CC42A024752006F5B2A /* RMEpisodeDetailView.swift */; };
		BDD44CC82A024F9F006F5B2A /* RMEpisodeListView.swift in Sources */ = {isa = PBXBuildFile; fileRef = BDD44CC72A024F9F006F5B2A /* RMEpisodeListView.swift */; };
		BDD44CCA2A025282006F5B2A /* RMEpisodeListViewViewModel.swift in Sources */ = {isa = PBXBuildFile; fileRef = BDD44CC92A025282006F5B2A /* RMEpisodeListViewViewModel.swift */; };
		BDD44CCC2A025C95006F5B2A /* RMGetAllEpisodesResponse.swift in Sources */ = {isa = PBXBuildFile; fileRef = BDD44CCB2A025C95006F5B2A /* RMGetAllEpisodesResponse.swift */; };
		BDD44CD02A02672C006F5B2A /* RMSearchViewController.swift in Sources */ = {isa = PBXBuildFile; fileRef = BDD44CCF2A02672C006F5B2A /* RMSearchViewController.swift */; };
		BDD44CD32A027423006F5B2A /* RMEpisodeInfoCollectionViewCell.swift in Sources */ = {isa = PBXBuildFile; fileRef = BDD44CD22A027423006F5B2A /* RMEpisodeInfoCollectionViewCell.swift */; };
		BDD44CD62A027475006F5B2A /* RMEpisodeInfoCollectionViewCellViewModel.swift in Sources */ = {isa = PBXBuildFile; fileRef = BDD44CD52A027475006F5B2A /* RMEpisodeInfoCollectionViewCellViewModel.swift */; };
		BDD44CD92A029825006F5B2A /* RMSettingsViewViewModel.swift in Sources */ = {isa = PBXBuildFile; fileRef = BDD44CD82A029825006F5B2A /* RMSettingsViewViewModel.swift */; };
		BDD44CDB2A02986C006F5B2A /* RMSettingsCellViewModel.swift in Sources */ = {isa = PBXBuildFile; fileRef = BDD44CDA2A02986C006F5B2A /* RMSettingsCellViewModel.swift */; };
		BDD44CDD2A0298DF006F5B2A /* RMSettingsOption.swift in Sources */ = {isa = PBXBuildFile; fileRef = BDD44CDC2A0298DF006F5B2A /* RMSettingsOption.swift */; };
		BDD44CE02A029CDE006F5B2A /* RMSettingsView.swift in Sources */ = {isa = PBXBuildFile; fileRef = BDD44CDF2A029CDE006F5B2A /* RMSettingsView.swift */; };
/* End PBXBuildFile section */

/* Begin PBXFileReference section */
		BD34A3472A0783B800AC4BE7 /* RMLocationView.swift */ = {isa = PBXFileReference; lastKnownFileType = sourcecode.swift; path = RMLocationView.swift; sourceTree = "<group>"; };
		BD34A3492A0785EA00AC4BE7 /* RMLocationViewViewModel.swift */ = {isa = PBXFileReference; lastKnownFileType = sourcecode.swift; path = RMLocationViewViewModel.swift; sourceTree = "<group>"; };
		BD34A34B2A07B19000AC4BE7 /* RMGetAllLocationsResponse.swift */ = {isa = PBXFileReference; lastKnownFileType = sourcecode.swift; path = RMGetAllLocationsResponse.swift; sourceTree = "<group>"; };
		BD34A34D2A07B61000AC4BE7 /* RMLocationTableViewCell.swift */ = {isa = PBXFileReference; lastKnownFileType = sourcecode.swift; path = RMLocationTableViewCell.swift; sourceTree = "<group>"; };
		BD34A3502A07B6AC00AC4BE7 /* RMLocationTableViewCellViewModel.swift */ = {isa = PBXFileReference; lastKnownFileType = sourcecode.swift; path = RMLocationTableViewCellViewModel.swift; sourceTree = "<group>"; };
		BD34A3522A07D9FB00AC4BE7 /* RMLocationDetailViewController.swift */ = {isa = PBXFileReference; lastKnownFileType = sourcecode.swift; path = RMLocationDetailViewController.swift; sourceTree = "<group>"; };
		BD34A3552A07DBBA00AC4BE7 /* RMLocationDetailView.swift */ = {isa = PBXFileReference; lastKnownFileType = sourcecode.swift; path = RMLocationDetailView.swift; sourceTree = "<group>"; };
		BD34A3572A07DC6600AC4BE7 /* RMLocationDetailViewViewModel.swift */ = {isa = PBXFileReference; lastKnownFileType = sourcecode.swift; path = RMLocationDetailViewViewModel.swift; sourceTree = "<group>"; };
		BD34A35A2A089CC700AC4BE7 /* RMSearchView.swift */ = {isa = PBXFileReference; lastKnownFileType = sourcecode.swift; path = RMSearchView.swift; sourceTree = "<group>"; };
		BD34A35C2A089D3A00AC4BE7 /* RMSearchViewViewModel.swift */ = {isa = PBXFileReference; lastKnownFileType = sourcecode.swift; path = RMSearchViewViewModel.swift; sourceTree = "<group>"; };
		BD34A35E2A089E7800AC4BE7 /* RMNoSearchResultsView.swift */ = {isa = PBXFileReference; lastKnownFileType = sourcecode.swift; path = RMNoSearchResultsView.swift; sourceTree = "<group>"; };
		BD34A3612A089EAF00AC4BE7 /* RMNoSearchResultsViewViewModel.swift */ = {isa = PBXFileReference; lastKnownFileType = sourcecode.swift; path = RMNoSearchResultsViewViewModel.swift; sourceTree = "<group>"; };
		BD34A3632A089ED900AC4BE7 /* RMSearchInputView.swift */ = {isa = PBXFileReference; lastKnownFileType = sourcecode.swift; path = RMSearchInputView.swift; sourceTree = "<group>"; };
		BD34A3652A089EF900AC4BE7 /* RMSearchInputViewViewModel.swift */ = {isa = PBXFileReference; lastKnownFileType = sourcecode.swift; path = RMSearchInputViewViewModel.swift; sourceTree = "<group>"; };
		BDD44C5B29FFAABF006F5B2A /* RickAndMorty.app */ = {isa = PBXFileReference; explicitFileType = wrapper.application; includeInIndex = 0; path = RickAndMorty.app; sourceTree = BUILT_PRODUCTS_DIR; };
		BDD44C5E29FFAABF006F5B2A /* AppDelegate.swift */ = {isa = PBXFileReference; lastKnownFileType = sourcecode.swift; path = AppDelegate.swift; sourceTree = "<group>"; };
		BDD44C6029FFAABF006F5B2A /* SceneDelegate.swift */ = {isa = PBXFileReference; lastKnownFileType = sourcecode.swift; path = SceneDelegate.swift; sourceTree = "<group>"; };
		BDD44C6229FFAABF006F5B2A /* RMTabBarController.swift */ = {isa = PBXFileReference; lastKnownFileType = sourcecode.swift; path = RMTabBarController.swift; sourceTree = "<group>"; };
		BDD44C6729FFAAC1006F5B2A /* Assets.xcassets */ = {isa = PBXFileReference; lastKnownFileType = folder.assetcatalog; path = Assets.xcassets; sourceTree = "<group>"; };
		BDD44C6A29FFAAC1006F5B2A /* Base */ = {isa = PBXFileReference; lastKnownFileType = file.storyboard; name = Base; path = Base.lproj/LaunchScreen.storyboard; sourceTree = "<group>"; };
		BDD44C6C29FFAAC1006F5B2A /* Info.plist */ = {isa = PBXFileReference; lastKnownFileType = text.plist.xml; path = Info.plist; sourceTree = "<group>"; };
		BDD44C7929FFC2A8006F5B2A /* RMLocation.swift */ = {isa = PBXFileReference; lastKnownFileType = sourcecode.swift; path = RMLocation.swift; sourceTree = "<group>"; };
		BDD44C7B29FFC2BD006F5B2A /* RMCharacter.swift */ = {isa = PBXFileReference; lastKnownFileType = sourcecode.swift; path = RMCharacter.swift; sourceTree = "<group>"; };
		BDD44C7D29FFC2C6006F5B2A /* RMEpisode.swift */ = {isa = PBXFileReference; lastKnownFileType = sourcecode.swift; path = RMEpisode.swift; sourceTree = "<group>"; };
		BDD44C8029FFC356006F5B2A /* RMCharacterViewController.swift */ = {isa = PBXFileReference; lastKnownFileType = sourcecode.swift; path = RMCharacterViewController.swift; sourceTree = "<group>"; };
		BDD44C8229FFC368006F5B2A /* RMLocationViewController.swift */ = {isa = PBXFileReference; lastKnownFileType = sourcecode.swift; path = RMLocationViewController.swift; sourceTree = "<group>"; };
		BDD44C8429FFC372006F5B2A /* RMEpisodeViewController.swift */ = {isa = PBXFileReference; lastKnownFileType = sourcecode.swift; path = RMEpisodeViewController.swift; sourceTree = "<group>"; };
		BDD44C8629FFC386006F5B2A /* RMSettingViewController.swift */ = {isa = PBXFileReference; lastKnownFileType = sourcecode.swift; path = RMSettingViewController.swift; sourceTree = "<group>"; };
		BDD44C8829FFCB89006F5B2A /* RMService.swift */ = {isa = PBXFileReference; lastKnownFileType = sourcecode.swift; path = RMService.swift; sourceTree = "<group>"; };
		BDD44C8A29FFCB99006F5B2A /* RMRequest.swift */ = {isa = PBXFileReference; lastKnownFileType = sourcecode.swift; path = RMRequest.swift; sourceTree = "<group>"; };
		BDD44C8C29FFCC3A006F5B2A /* RMEndpoint.swift */ = {isa = PBXFileReference; lastKnownFileType = sourcecode.swift; path = RMEndpoint.swift; sourceTree = "<group>"; };
		BDD44C8E29FFD0BB006F5B2A /* RMOrigin.swift */ = {isa = PBXFileReference; lastKnownFileType = sourcecode.swift; path = RMOrigin.swift; sourceTree = "<group>"; };
		BDD44C9029FFD119006F5B2A /* RMSingleLocation.swift */ = {isa = PBXFileReference; lastKnownFileType = sourcecode.swift; path = RMSingleLocation.swift; sourceTree = "<group>"; };
		BDD44C9229FFD268006F5B2A /* RMCharacterStatus.swift */ = {isa = PBXFileReference; lastKnownFileType = sourcecode.swift; path = RMCharacterStatus.swift; sourceTree = "<group>"; };
		BDD44C9429FFD29C006F5B2A /* RMCharacterGender.swift */ = {isa = PBXFileReference; lastKnownFileType = sourcecode.swift; path = RMCharacterGender.swift; sourceTree = "<group>"; };
		BDD44C9829FFEEBB006F5B2A /* RMGetAllCharactersResponse.swift */ = {isa = PBXFileReference; lastKnownFileType = sourcecode.swift; path = RMGetAllCharactersResponse.swift; sourceTree = "<group>"; };
		BDD44C9A29FFF22E006F5B2A /* RMCharacterListViewViewModel.swift */ = {isa = PBXFileReference; lastKnownFileType = sourcecode.swift; path = RMCharacterListViewViewModel.swift; sourceTree = "<group>"; };
		BDD44C9C29FFF29D006F5B2A /* RMCharacterListView.swift */ = {isa = PBXFileReference; lastKnownFileType = sourcecode.swift; path = RMCharacterListView.swift; sourceTree = "<group>"; };
		BDD44C9E29FFF5F4006F5B2A /* Extensions.swift */ = {isa = PBXFileReference; lastKnownFileType = sourcecode.swift; path = Extensions.swift; sourceTree = "<group>"; };
		BDD44CA02A00AC36006F5B2A /* RMCharacterCollectionViewCell.swift */ = {isa = PBXFileReference; lastKnownFileType = sourcecode.swift; path = RMCharacterCollectionViewCell.swift; sourceTree = "<group>"; };
		BDD44CA22A00AD99006F5B2A /* RMCharacterCollectionViewCellViewModel.swift */ = {isa = PBXFileReference; lastKnownFileType = sourcecode.swift; path = RMCharacterCollectionViewCellViewModel.swift; sourceTree = "<group>"; };
		BDD44CA52A00D287006F5B2A /* RMCharacterDetailViewController.swift */ = {isa = PBXFileReference; lastKnownFileType = sourcecode.swift; path = RMCharacterDetailViewController.swift; sourceTree = "<group>"; };
		BDD44CA72A00D2DA006F5B2A /* RMCharacterDetailView.swift */ = {isa = PBXFileReference; lastKnownFileType = sourcecode.swift; path = RMCharacterDetailView.swift; sourceTree = "<group>"; };
		BDD44CA92A00D2EC006F5B2A /* RMCharacterDetailViewModel.swift */ = {isa = PBXFileReference; lastKnownFileType = sourcecode.swift; path = RMCharacterDetailViewModel.swift; sourceTree = "<group>"; };
		BDD44CAB2A00D725006F5B2A /* RMFooterLoadingCollectionReusableView.swift */ = {isa = PBXFileReference; lastKnownFileType = sourcecode.swift; path = RMFooterLoadingCollectionReusableView.swift; sourceTree = "<group>"; };
		BDD44CAD2A0100FD006F5B2A /* RMImageLoader.swift */ = {isa = PBXFileReference; lastKnownFileType = sourcecode.swift; path = RMImageLoader.swift; sourceTree = "<group>"; };
		BDD44CB12A01200D006F5B2A /* RMCharacterPhotoCollectionViewCell.swift */ = {isa = PBXFileReference; lastKnownFileType = sourcecode.swift; path = RMCharacterPhotoCollectionViewCell.swift; sourceTree = "<group>"; };
		BDD44CB32A01201A006F5B2A /* RMCharacterInfoCollectionViewCell.swift */ = {isa = PBXFileReference; lastKnownFileType = sourcecode.swift; path = RMCharacterInfoCollectionViewCell.swift; sourceTree = "<group>"; };
		BDD44CB52A01202A006F5B2A /* RMCharacterEpisodeCollectionViewCell.swift */ = {isa = PBXFileReference; lastKnownFileType = sourcecode.swift; path = RMCharacterEpisodeCollectionViewCell.swift; sourceTree = "<group>"; };
		BDD44CB82A01208F006F5B2A /* RMCharacterInfoCollectionViewCellViewModel.swift */ = {isa = PBXFileReference; lastKnownFileType = sourcecode.swift; path = RMCharacterInfoCollectionViewCellViewModel.swift; sourceTree = "<group>"; };
		BDD44CBA2A01209F006F5B2A /* RMCharacterPhotoCollectionViewCellViewModel.swift */ = {isa = PBXFileReference; lastKnownFileType = sourcecode.swift; path = RMCharacterPhotoCollectionViewCellViewModel.swift; sourceTree = "<group>"; };
		BDD44CBC2A0120C4006F5B2A /* RMCharacterEpisodeCollectionViewCellViewModel.swift */ = {isa = PBXFileReference; lastKnownFileType = sourcecode.swift; path = RMCharacterEpisodeCollectionViewCellViewModel.swift; sourceTree = "<group>"; };
		BDD44CBE2A024113006F5B2A /* RMEpisodeDetailViewController.swift */ = {isa = PBXFileReference; lastKnownFileType = sourcecode.swift; path = RMEpisodeDetailViewController.swift; sourceTree = "<group>"; };
		BDD44CC02A0242F4006F5B2A /* RMAPICacheManager.swift */ = {isa = PBXFileReference; lastKnownFileType = sourcecode.swift; path = RMAPICacheManager.swift; sourceTree = "<group>"; };
		BDD44CC22A0246FE006F5B2A /* RMEpisodeDetailViewViewModel.swift */ = {isa = PBXFileReference; lastKnownFileType = sourcecode.swift; path = RMEpisodeDetailViewViewModel.swift; sourceTree = "<group>"; };
		BDD44CC42A024752006F5B2A /* RMEpisodeDetailView.swift */ = {isa = PBXFileReference; lastKnownFileType = sourcecode.swift; path = RMEpisodeDetailView.swift; sourceTree = "<group>"; };
		BDD44CC72A024F9F006F5B2A /* RMEpisodeListView.swift */ = {isa = PBXFileReference; lastKnownFileType = sourcecode.swift; path = RMEpisodeListView.swift; sourceTree = "<group>"; };
		BDD44CC92A025282006F5B2A /* RMEpisodeListViewViewModel.swift */ = {isa = PBXFileReference; lastKnownFileType = sourcecode.swift; path = RMEpisodeListViewViewModel.swift; sourceTree = "<group>"; };
		BDD44CCB2A025C95006F5B2A /* RMGetAllEpisodesResponse.swift */ = {isa = PBXFileReference; lastKnownFileType = sourcecode.swift; path = RMGetAllEpisodesResponse.swift; sourceTree = "<group>"; };
		BDD44CCF2A02672C006F5B2A /* RMSearchViewController.swift */ = {isa = PBXFileReference; lastKnownFileType = sourcecode.swift; path = RMSearchViewController.swift; sourceTree = "<group>"; };
		BDD44CD22A027423006F5B2A /* RMEpisodeInfoCollectionViewCell.swift */ = {isa = PBXFileReference; lastKnownFileType = sourcecode.swift; path = RMEpisodeInfoCollectionViewCell.swift; sourceTree = "<group>"; };
		BDD44CD52A027475006F5B2A /* RMEpisodeInfoCollectionViewCellViewModel.swift */ = {isa = PBXFileReference; lastKnownFileType = sourcecode.swift; path = RMEpisodeInfoCollectionViewCellViewModel.swift; sourceTree = "<group>"; };
		BDD44CD82A029825006F5B2A /* RMSettingsViewViewModel.swift */ = {isa = PBXFileReference; lastKnownFileType = sourcecode.swift; path = RMSettingsViewViewModel.swift; sourceTree = "<group>"; };
		BDD44CDA2A02986C006F5B2A /* RMSettingsCellViewModel.swift */ = {isa = PBXFileReference; lastKnownFileType = sourcecode.swift; path = RMSettingsCellViewModel.swift; sourceTree = "<group>"; };
		BDD44CDC2A0298DF006F5B2A /* RMSettingsOption.swift */ = {isa = PBXFileReference; lastKnownFileType = sourcecode.swift; path = RMSettingsOption.swift; sourceTree = "<group>"; };
		BDD44CDF2A029CDE006F5B2A /* RMSettingsView.swift */ = {isa = PBXFileReference; lastKnownFileType = sourcecode.swift; path = RMSettingsView.swift; sourceTree = "<group>"; };
/* End PBXFileReference section */

/* Begin PBXFrameworksBuildPhase section */
		BDD44C5829FFAABF006F5B2A /* Frameworks */ = {
			isa = PBXFrameworksBuildPhase;
			buildActionMask = 2147483647;
			files = (
			);
			runOnlyForDeploymentPostprocessing = 0;
		};
/* End PBXFrameworksBuildPhase section */

/* Begin PBXGroup section */
		BD34A3462A0783A300AC4BE7 /* Location */ = {
			isa = PBXGroup;
			children = (
				BD34A3472A0783B800AC4BE7 /* RMLocationView.swift */,
				BD34A34D2A07B61000AC4BE7 /* RMLocationTableViewCell.swift */,
			);
			path = Location;
			sourceTree = "<group>";
		};
		BD34A34F2A07B67800AC4BE7 /* Locations */ = {
			isa = PBXGroup;
			children = (
				BD34A3492A0785EA00AC4BE7 /* RMLocationViewViewModel.swift */,
				BD34A3502A07B6AC00AC4BE7 /* RMLocationTableViewCellViewModel.swift */,
				BD34A3572A07DC6600AC4BE7 /* RMLocationDetailViewViewModel.swift */,
			);
			path = Locations;
			sourceTree = "<group>";
		};
		BD34A3542A07DB9400AC4BE7 /* LocationDetails */ = {
			isa = PBXGroup;
			children = (
				BD34A3552A07DBBA00AC4BE7 /* RMLocationDetailView.swift */,
			);
			path = LocationDetails;
			sourceTree = "<group>";
		};
		BD34A3592A089CB900AC4BE7 /* Search */ = {
			isa = PBXGroup;
			children = (
				BD34A35A2A089CC700AC4BE7 /* RMSearchView.swift */,
				BD34A35E2A089E7800AC4BE7 /* RMNoSearchResultsView.swift */,
				BD34A3632A089ED900AC4BE7 /* RMSearchInputView.swift */,
			);
			path = Search;
			sourceTree = "<group>";
		};
		BD34A3602A089E8A00AC4BE7 /* Search */ = {
			isa = PBXGroup;
			children = (
				BD34A35C2A089D3A00AC4BE7 /* RMSearchViewViewModel.swift */,
				BD34A3612A089EAF00AC4BE7 /* RMNoSearchResultsViewViewModel.swift */,
				BD34A3652A089EF900AC4BE7 /* RMSearchInputViewViewModel.swift */,
			);
			path = Search;
			sourceTree = "<group>";
		};
		BDD44C5229FFAABF006F5B2A = {
			isa = PBXGroup;
			children = (
				BDD44C5D29FFAABF006F5B2A /* RickAndMorty */,
				BDD44C5C29FFAABF006F5B2A /* Products */,
			);
			sourceTree = "<group>";
		};
		BDD44C5C29FFAABF006F5B2A /* Products */ = {
			isa = PBXGroup;
			children = (
				BDD44C5B29FFAABF006F5B2A /* RickAndMorty.app */,
			);
			name = Products;
			sourceTree = "<group>";
		};
		BDD44C5D29FFAABF006F5B2A /* RickAndMorty */ = {
			isa = PBXGroup;
			children = (
				BDD44C7729FFAD4B006F5B2A /* Resources */,
				BDD44C7529FFAD25006F5B2A /* Managers */,
				BDD44C7629FFAD41006F5B2A /* APIClient */,
				BDD44C7429FFAD1B006F5B2A /* ViewModels */,
				BDD44C7229FFAD0F006F5B2A /* Views */,
				BDD44C7329FFAD14006F5B2A /* Models */,
				BDD44C7829FFADB4006F5B2A /* Controllers */,
				BDD44C6C29FFAAC1006F5B2A /* Info.plist */,
			);
			path = RickAndMorty;
			sourceTree = "<group>";
		};
		BDD44C7229FFAD0F006F5B2A /* Views */ = {
			isa = PBXGroup;
			children = (
				BD34A3592A089CB900AC4BE7 /* Search */,
				BD34A3542A07DB9400AC4BE7 /* LocationDetails */,
				BD34A3462A0783A300AC4BE7 /* Location */,
				BDD44CDE2A029CC8006F5B2A /* SwiftUI */,
				BDD44CD12A0272FF006F5B2A /* EipsodeDetails */,
				BDD44CC62A024F89006F5B2A /* Episode */,
				BDD44CAF2A011FCD006F5B2A /* CharacterDetails */,
				BDD44CB02A011FE2006F5B2A /* Character */,
				BDD44CAB2A00D725006F5B2A /* RMFooterLoadingCollectionReusableView.swift */,
			);
			path = Views;
			sourceTree = "<group>";
		};
		BDD44C7329FFAD14006F5B2A /* Models */ = {
			isa = PBXGroup;
			children = (
				BDD44C9729FFEE8E006F5B2A /* APIResponseTypes */,
				BDD44C9629FFEE7C006F5B2A /* DataTypes */,
			);
			path = Models;
			sourceTree = "<group>";
		};
		BDD44C7429FFAD1B006F5B2A /* ViewModels */ = {
			isa = PBXGroup;
			children = (
				BD34A3602A089E8A00AC4BE7 /* Search */,
				BD34A34F2A07B67800AC4BE7 /* Locations */,
				BDD44CD72A02981A006F5B2A /* Setting */,
				BDD44CD42A027439006F5B2A /* EpisodeDetail */,
				BDD44CB72A012037006F5B2A /* CharacterDetail */,
				BDD44C9A29FFF22E006F5B2A /* RMCharacterListViewViewModel.swift */,
				BDD44CA22A00AD99006F5B2A /* RMCharacterCollectionViewCellViewModel.swift */,
				BDD44CC92A025282006F5B2A /* RMEpisodeListViewViewModel.swift */,
			);
			path = ViewModels;
			sourceTree = "<group>";
		};
		BDD44C7529FFAD25006F5B2A /* Managers */ = {
			isa = PBXGroup;
			children = (
				BDD44CAD2A0100FD006F5B2A /* RMImageLoader.swift */,
				BDD44CC02A0242F4006F5B2A /* RMAPICacheManager.swift */,
			);
			path = Managers;
			sourceTree = "<group>";
		};
		BDD44C7629FFAD41006F5B2A /* APIClient */ = {
			isa = PBXGroup;
			children = (
				BDD44C8829FFCB89006F5B2A /* RMService.swift */,
				BDD44C8A29FFCB99006F5B2A /* RMRequest.swift */,
				BDD44C8C29FFCC3A006F5B2A /* RMEndpoint.swift */,
			);
			path = APIClient;
			sourceTree = "<group>";
		};
		BDD44C7729FFAD4B006F5B2A /* Resources */ = {
			isa = PBXGroup;
			children = (
				BDD44C5E29FFAABF006F5B2A /* AppDelegate.swift */,
				BDD44C6029FFAABF006F5B2A /* SceneDelegate.swift */,
				BDD44C6729FFAAC1006F5B2A /* Assets.xcassets */,
				BDD44C6929FFAAC1006F5B2A /* LaunchScreen.storyboard */,
				BDD44C9E29FFF5F4006F5B2A /* Extensions.swift */,
			);
			path = Resources;
			sourceTree = "<group>";
		};
		BDD44C7829FFADB4006F5B2A /* Controllers */ = {
			isa = PBXGroup;
			children = (
				BDD44CA42A00D271006F5B2A /* Other */,
				BDD44C7F29FFC31C006F5B2A /* Core */,
			);
			path = Controllers;
			sourceTree = "<group>";
		};
		BDD44C7F29FFC31C006F5B2A /* Core */ = {
			isa = PBXGroup;
			children = (
				BDD44C6229FFAABF006F5B2A /* RMTabBarController.swift */,
				BDD44C8029FFC356006F5B2A /* RMCharacterViewController.swift */,
				BDD44C8229FFC368006F5B2A /* RMLocationViewController.swift */,
				BDD44C8429FFC372006F5B2A /* RMEpisodeViewController.swift */,
				BDD44C8629FFC386006F5B2A /* RMSettingViewController.swift */,
			);
			path = Core;
			sourceTree = "<group>";
		};
		BDD44C9629FFEE7C006F5B2A /* DataTypes */ = {
			isa = PBXGroup;
			children = (
				BDD44C7B29FFC2BD006F5B2A /* RMCharacter.swift */,
				BDD44C7929FFC2A8006F5B2A /* RMLocation.swift */,
				BDD44C7D29FFC2C6006F5B2A /* RMEpisode.swift */,
				BDD44C9229FFD268006F5B2A /* RMCharacterStatus.swift */,
				BDD44C9429FFD29C006F5B2A /* RMCharacterGender.swift */,
				BDD44C8E29FFD0BB006F5B2A /* RMOrigin.swift */,
				BDD44C9029FFD119006F5B2A /* RMSingleLocation.swift */,
			);
			path = DataTypes;
			sourceTree = "<group>";
		};
		BDD44C9729FFEE8E006F5B2A /* APIResponseTypes */ = {
			isa = PBXGroup;
			children = (
				BDD44C9829FFEEBB006F5B2A /* RMGetAllCharactersResponse.swift */,
				BDD44CCB2A025C95006F5B2A /* RMGetAllEpisodesResponse.swift */,
				BD34A34B2A07B19000AC4BE7 /* RMGetAllLocationsResponse.swift */,
			);
			path = APIResponseTypes;
			sourceTree = "<group>";
		};
		BDD44CA42A00D271006F5B2A /* Other */ = {
			isa = PBXGroup;
			children = (
				BDD44CA52A00D287006F5B2A /* RMCharacterDetailViewController.swift */,
				BDD44CBE2A024113006F5B2A /* RMEpisodeDetailViewController.swift */,
				BDD44CCF2A02672C006F5B2A /* RMSearchViewController.swift */,
				BD34A3522A07D9FB00AC4BE7 /* RMLocationDetailViewController.swift */,
			);
			path = Other;
			sourceTree = "<group>";
		};
		BDD44CAF2A011FCD006F5B2A /* CharacterDetails */ = {
			isa = PBXGroup;
			children = (
				BDD44CA72A00D2DA006F5B2A /* RMCharacterDetailView.swift */,
				BDD44CB12A01200D006F5B2A /* RMCharacterPhotoCollectionViewCell.swift */,
				BDD44CB32A01201A006F5B2A /* RMCharacterInfoCollectionViewCell.swift */,
				BDD44CB52A01202A006F5B2A /* RMCharacterEpisodeCollectionViewCell.swift */,
			);
			path = CharacterDetails;
			sourceTree = "<group>";
		};
		BDD44CB02A011FE2006F5B2A /* Character */ = {
			isa = PBXGroup;
			children = (
				BDD44C9C29FFF29D006F5B2A /* RMCharacterListView.swift */,
				BDD44CA02A00AC36006F5B2A /* RMCharacterCollectionViewCell.swift */,
			);
			path = Character;
			sourceTree = "<group>";
		};
		BDD44CB72A012037006F5B2A /* CharacterDetail */ = {
			isa = PBXGroup;
			children = (
				BDD44CA92A00D2EC006F5B2A /* RMCharacterDetailViewModel.swift */,
				BDD44CBA2A01209F006F5B2A /* RMCharacterPhotoCollectionViewCellViewModel.swift */,
				BDD44CB82A01208F006F5B2A /* RMCharacterInfoCollectionViewCellViewModel.swift */,
				BDD44CBC2A0120C4006F5B2A /* RMCharacterEpisodeCollectionViewCellViewModel.swift */,
			);
			path = CharacterDetail;
			sourceTree = "<group>";
		};
		BDD44CC62A024F89006F5B2A /* Episode */ = {
			isa = PBXGroup;
			children = (
				BDD44CC72A024F9F006F5B2A /* RMEpisodeListView.swift */,
			);
			path = Episode;
			sourceTree = "<group>";
		};
		BDD44CD12A0272FF006F5B2A /* EipsodeDetails */ = {
			isa = PBXGroup;
			children = (
				BDD44CC42A024752006F5B2A /* RMEpisodeDetailView.swift */,
				BDD44CD22A027423006F5B2A /* RMEpisodeInfoCollectionViewCell.swift */,
			);
			path = EipsodeDetails;
			sourceTree = "<group>";
		};
		BDD44CD42A027439006F5B2A /* EpisodeDetail */ = {
			isa = PBXGroup;
			children = (
				BDD44CC22A0246FE006F5B2A /* RMEpisodeDetailViewViewModel.swift */,
				BDD44CD52A027475006F5B2A /* RMEpisodeInfoCollectionViewCellViewModel.swift */,
			);
			path = EpisodeDetail;
			sourceTree = "<group>";
		};
		BDD44CD72A02981A006F5B2A /* Setting */ = {
			isa = PBXGroup;
			children = (
				BDD44CD82A029825006F5B2A /* RMSettingsViewViewModel.swift */,
				BDD44CDA2A02986C006F5B2A /* RMSettingsCellViewModel.swift */,
				BDD44CDC2A0298DF006F5B2A /* RMSettingsOption.swift */,
			);
			path = Setting;
			sourceTree = "<group>";
		};
		BDD44CDE2A029CC8006F5B2A /* SwiftUI */ = {
			isa = PBXGroup;
			children = (
				BDD44CDF2A029CDE006F5B2A /* RMSettingsView.swift */,
			);
			path = SwiftUI;
			sourceTree = "<group>";
		};
/* End PBXGroup section */

/* Begin PBXNativeTarget section */
		BDD44C5A29FFAABF006F5B2A /* RickAndMorty */ = {
			isa = PBXNativeTarget;
			buildConfigurationList = BDD44C6F29FFAAC1006F5B2A /* Build configuration list for PBXNativeTarget "RickAndMorty" */;
			buildPhases = (
				BDD44C5729FFAABF006F5B2A /* Sources */,
				BDD44C5829FFAABF006F5B2A /* Frameworks */,
				BDD44C5929FFAABF006F5B2A /* Resources */,
			);
			buildRules = (
			);
			dependencies = (
			);
			name = RickAndMorty;
			productName = RickAndMorty;
			productReference = BDD44C5B29FFAABF006F5B2A /* RickAndMorty.app */;
			productType = "com.apple.product-type.application";
		};
/* End PBXNativeTarget section */

/* Begin PBXProject section */
		BDD44C5329FFAABF006F5B2A /* Project object */ = {
			isa = PBXProject;
			attributes = {
				BuildIndependentTargetsInParallel = 1;
				LastSwiftUpdateCheck = 1430;
				LastUpgradeCheck = 1430;
				TargetAttributes = {
					BDD44C5A29FFAABF006F5B2A = {
						CreatedOnToolsVersion = 14.3;
					};
				};
			};
			buildConfigurationList = BDD44C5629FFAABF006F5B2A /* Build configuration list for PBXProject "RickAndMorty" */;
			compatibilityVersion = "Xcode 14.0";
			developmentRegion = en;
			hasScannedForEncodings = 0;
			knownRegions = (
				en,
				Base,
			);
			mainGroup = BDD44C5229FFAABF006F5B2A;
			productRefGroup = BDD44C5C29FFAABF006F5B2A /* Products */;
			projectDirPath = "";
			projectRoot = "";
			targets = (
				BDD44C5A29FFAABF006F5B2A /* RickAndMorty */,
			);
		};
/* End PBXProject section */

/* Begin PBXResourcesBuildPhase section */
		BDD44C5929FFAABF006F5B2A /* Resources */ = {
			isa = PBXResourcesBuildPhase;
			buildActionMask = 2147483647;
			files = (
				BDD44C6B29FFAAC1006F5B2A /* LaunchScreen.storyboard in Resources */,
				BDD44C6829FFAAC1006F5B2A /* Assets.xcassets in Resources */,
			);
			runOnlyForDeploymentPostprocessing = 0;
		};
/* End PBXResourcesBuildPhase section */

/* Begin PBXSourcesBuildPhase section */
		BDD44C5729FFAABF006F5B2A /* Sources */ = {
			isa = PBXSourcesBuildPhase;
			buildActionMask = 2147483647;
			files = (
				BDD44C9929FFEEBB006F5B2A /* RMGetAllCharactersResponse.swift in Sources */,
				BD34A3622A089EAF00AC4BE7 /* RMNoSearchResultsViewViewModel.swift in Sources */,
				BDD44C8F29FFD0BB006F5B2A /* RMOrigin.swift in Sources */,
				BDD44C9D29FFF29D006F5B2A /* RMCharacterListView.swift in Sources */,
				BDD44C9129FFD119006F5B2A /* RMSingleLocation.swift in Sources */,
				BD34A35D2A089D3A00AC4BE7 /* RMSearchViewViewModel.swift in Sources */,
				BDD44C9329FFD268006F5B2A /* RMCharacterStatus.swift in Sources */,
				BDD44C9529FFD29C006F5B2A /* RMCharacterGender.swift in Sources */,
				BDD44CAA2A00D2EC006F5B2A /* RMCharacterDetailViewModel.swift in Sources */,
				BD34A34C2A07B19000AC4BE7 /* RMGetAllLocationsResponse.swift in Sources */,
				BD34A3582A07DC6600AC4BE7 /* RMLocationDetailViewViewModel.swift in Sources */,
				BDD44CA62A00D287006F5B2A /* RMCharacterDetailViewController.swift in Sources */,
				BD34A35F2A089E7800AC4BE7 /* RMNoSearchResultsView.swift in Sources */,
				BDD44CAC2A00D725006F5B2A /* RMFooterLoadingCollectionReusableView.swift in Sources */,
				BDD44CC82A024F9F006F5B2A /* RMEpisodeListView.swift in Sources */,
				BDD44C8329FFC368006F5B2A /* RMLocationViewController.swift in Sources */,
				BDD44C7E29FFC2C6006F5B2A /* RMEpisode.swift in Sources */,
				BDD44CB42A01201A006F5B2A /* RMCharacterInfoCollectionViewCell.swift in Sources */,
				BDD44C6329FFAABF006F5B2A /* RMTabBarController.swift in Sources */,
				BD34A34E2A07B61000AC4BE7 /* RMLocationTableViewCell.swift in Sources */,
				BDD44CD92A029825006F5B2A /* RMSettingsViewViewModel.swift in Sources */,
				BDD44CA12A00AC36006F5B2A /* RMCharacterCollectionViewCell.swift in Sources */,
				BDD44C8529FFC372006F5B2A /* RMEpisodeViewController.swift in Sources */,
				BDD44CAE2A0100FD006F5B2A /* RMImageLoader.swift in Sources */,
				BD34A3662A089EF900AC4BE7 /* RMSearchInputViewViewModel.swift in Sources */,
				BDD44C8729FFC386006F5B2A /* RMSettingViewController.swift in Sources */,
				BDD44C5F29FFAABF006F5B2A /* AppDelegate.swift in Sources */,
				BDD44CB22A01200D006F5B2A /* RMCharacterPhotoCollectionViewCell.swift in Sources */,
				BD34A3532A07D9FB00AC4BE7 /* RMLocationDetailViewController.swift in Sources */,
				BDD44C6129FFAABF006F5B2A /* SceneDelegate.swift in Sources */,
				BDD44CBD2A0120C4006F5B2A /* RMCharacterEpisodeCollectionViewCellViewModel.swift in Sources */,
				BDD44C8929FFCB89006F5B2A /* RMService.swift in Sources */,
				BDD44CDB2A02986C006F5B2A /* RMSettingsCellViewModel.swift in Sources */,
				BDD44C7A29FFC2A8006F5B2A /* RMLocation.swift in Sources */,
				BDD44CE02A029CDE006F5B2A /* RMSettingsView.swift in Sources */,
				BD34A35B2A089CC700AC4BE7 /* RMSearchView.swift in Sources */,
				BDD44CB92A01208F006F5B2A /* RMCharacterInfoCollectionViewCellViewModel.swift in Sources */,
				BDD44CDD2A0298DF006F5B2A /* RMSettingsOption.swift in Sources */,
				BD34A3642A089ED900AC4BE7 /* RMSearchInputView.swift in Sources */,
				BDD44C8D29FFCC3A006F5B2A /* RMEndpoint.swift in Sources */,
				BDD44C9F29FFF5F4006F5B2A /* Extensions.swift in Sources */,
				BDD44C7C29FFC2BD006F5B2A /* RMCharacter.swift in Sources */,
				BDD44CBF2A024113006F5B2A /* RMEpisodeDetailViewController.swift in Sources */,
				BDD44CC52A024752006F5B2A /* RMEpisodeDetailView.swift in Sources */,
				BDD44CA32A00AD99006F5B2A /* RMCharacterCollectionViewCellViewModel.swift in Sources */,
				BD34A3562A07DBBA00AC4BE7 /* RMLocationDetailView.swift in Sources */,
				BD34A3512A07B6AC00AC4BE7 /* RMLocationTableViewCellViewModel.swift in Sources */,
				BDD44CBB2A01209F006F5B2A /* RMCharacterPhotoCollectionViewCellViewModel.swift in Sources */,
				BDD44C8B29FFCB99006F5B2A /* RMRequest.swift in Sources */,
				BDD44C9B29FFF22E006F5B2A /* RMCharacterListViewViewModel.swift in Sources */,
				BDD44CD02A02672C006F5B2A /* RMSearchViewController.swift in Sources */,
				BDD44CB62A01202A006F5B2A /* RMCharacterEpisodeCollectionViewCell.swift in Sources */,
				BDD44C8129FFC356006F5B2A /* RMCharacterViewController.swift in Sources */,
				BD34A3482A0783B800AC4BE7 /* RMLocationView.swift in Sources */,
				BDD44CCA2A025282006F5B2A /* RMEpisodeListViewViewModel.swift in Sources */,
				BDD44CC12A0242F4006F5B2A /* RMAPICacheManager.swift in Sources */,
				BDD44CCC2A025C95006F5B2A /* RMGetAllEpisodesResponse.swift in Sources */,
				BDD44CD62A027475006F5B2A /* RMEpisodeInfoCollectionViewCellViewModel.swift in Sources */,
				BDD44CD32A027423006F5B2A /* RMEpisodeInfoCollectionViewCell.swift in Sources */,
				BDD44CC32A0246FE006F5B2A /* RMEpisodeDetailViewViewModel.swift in Sources */,
				BDD44CA82A00D2DA006F5B2A /* RMCharacterDetailView.swift in Sources */,
				BD34A34A2A0785EA00AC4BE7 /* RMLocationViewViewModel.swift in Sources */,
			);
			runOnlyForDeploymentPostprocessing = 0;
		};
/* End PBXSourcesBuildPhase section */

/* Begin PBXVariantGroup section */
		BDD44C6929FFAAC1006F5B2A /* LaunchScreen.storyboard */ = {
			isa = PBXVariantGroup;
			children = (
				BDD44C6A29FFAAC1006F5B2A /* Base */,
			);
			name = LaunchScreen.storyboard;
			sourceTree = "<group>";
		};
/* End PBXVariantGroup section */

/* Begin XCBuildConfiguration section */
		BDD44C6D29FFAAC1006F5B2A /* Debug */ = {
			isa = XCBuildConfiguration;
			buildSettings = {
				ALWAYS_SEARCH_USER_PATHS = NO;
				CLANG_ANALYZER_NONNULL = YES;
				CLANG_ANALYZER_NUMBER_OBJECT_CONVERSION = YES_AGGRESSIVE;
				CLANG_CXX_LANGUAGE_STANDARD = "gnu++20";
				CLANG_ENABLE_MODULES = YES;
				CLANG_ENABLE_OBJC_ARC = YES;
				CLANG_ENABLE_OBJC_WEAK = YES;
				CLANG_WARN_BLOCK_CAPTURE_AUTORELEASING = YES;
				CLANG_WARN_BOOL_CONVERSION = YES;
				CLANG_WARN_COMMA = YES;
				CLANG_WARN_CONSTANT_CONVERSION = YES;
				CLANG_WARN_DEPRECATED_OBJC_IMPLEMENTATIONS = YES;
				CLANG_WARN_DIRECT_OBJC_ISA_USAGE = YES_ERROR;
				CLANG_WARN_DOCUMENTATION_COMMENTS = YES;
				CLANG_WARN_EMPTY_BODY = YES;
				CLANG_WARN_ENUM_CONVERSION = YES;
				CLANG_WARN_INFINITE_RECURSION = YES;
				CLANG_WARN_INT_CONVERSION = YES;
				CLANG_WARN_NON_LITERAL_NULL_CONVERSION = YES;
				CLANG_WARN_OBJC_IMPLICIT_RETAIN_SELF = YES;
				CLANG_WARN_OBJC_LITERAL_CONVERSION = YES;
				CLANG_WARN_OBJC_ROOT_CLASS = YES_ERROR;
				CLANG_WARN_QUOTED_INCLUDE_IN_FRAMEWORK_HEADER = YES;
				CLANG_WARN_RANGE_LOOP_ANALYSIS = YES;
				CLANG_WARN_STRICT_PROTOTYPES = YES;
				CLANG_WARN_SUSPICIOUS_MOVE = YES;
				CLANG_WARN_UNGUARDED_AVAILABILITY = YES_AGGRESSIVE;
				CLANG_WARN_UNREACHABLE_CODE = YES;
				CLANG_WARN__DUPLICATE_METHOD_MATCH = YES;
				COPY_PHASE_STRIP = NO;
				DEBUG_INFORMATION_FORMAT = dwarf;
				ENABLE_STRICT_OBJC_MSGSEND = YES;
				ENABLE_TESTABILITY = YES;
				GCC_C_LANGUAGE_STANDARD = gnu11;
				GCC_DYNAMIC_NO_PIC = NO;
				GCC_NO_COMMON_BLOCKS = YES;
				GCC_OPTIMIZATION_LEVEL = 0;
				GCC_PREPROCESSOR_DEFINITIONS = (
					"DEBUG=1",
					"$(inherited)",
				);
				GCC_WARN_64_TO_32_BIT_CONVERSION = YES;
				GCC_WARN_ABOUT_RETURN_TYPE = YES_ERROR;
				GCC_WARN_UNDECLARED_SELECTOR = YES;
				GCC_WARN_UNINITIALIZED_AUTOS = YES_AGGRESSIVE;
				GCC_WARN_UNUSED_FUNCTION = YES;
				GCC_WARN_UNUSED_VARIABLE = YES;
				IPHONEOS_DEPLOYMENT_TARGET = 16.4;
				MTL_ENABLE_DEBUG_INFO = INCLUDE_SOURCE;
				MTL_FAST_MATH = YES;
				ONLY_ACTIVE_ARCH = YES;
				SDKROOT = iphoneos;
				SWIFT_ACTIVE_COMPILATION_CONDITIONS = DEBUG;
				SWIFT_OPTIMIZATION_LEVEL = "-Onone";
			};
			name = Debug;
		};
		BDD44C6E29FFAAC1006F5B2A /* Release */ = {
			isa = XCBuildConfiguration;
			buildSettings = {
				ALWAYS_SEARCH_USER_PATHS = NO;
				CLANG_ANALYZER_NONNULL = YES;
				CLANG_ANALYZER_NUMBER_OBJECT_CONVERSION = YES_AGGRESSIVE;
				CLANG_CXX_LANGUAGE_STANDARD = "gnu++20";
				CLANG_ENABLE_MODULES = YES;
				CLANG_ENABLE_OBJC_ARC = YES;
				CLANG_ENABLE_OBJC_WEAK = YES;
				CLANG_WARN_BLOCK_CAPTURE_AUTORELEASING = YES;
				CLANG_WARN_BOOL_CONVERSION = YES;
				CLANG_WARN_COMMA = YES;
				CLANG_WARN_CONSTANT_CONVERSION = YES;
				CLANG_WARN_DEPRECATED_OBJC_IMPLEMENTATIONS = YES;
				CLANG_WARN_DIRECT_OBJC_ISA_USAGE = YES_ERROR;
				CLANG_WARN_DOCUMENTATION_COMMENTS = YES;
				CLANG_WARN_EMPTY_BODY = YES;
				CLANG_WARN_ENUM_CONVERSION = YES;
				CLANG_WARN_INFINITE_RECURSION = YES;
				CLANG_WARN_INT_CONVERSION = YES;
				CLANG_WARN_NON_LITERAL_NULL_CONVERSION = YES;
				CLANG_WARN_OBJC_IMPLICIT_RETAIN_SELF = YES;
				CLANG_WARN_OBJC_LITERAL_CONVERSION = YES;
				CLANG_WARN_OBJC_ROOT_CLASS = YES_ERROR;
				CLANG_WARN_QUOTED_INCLUDE_IN_FRAMEWORK_HEADER = YES;
				CLANG_WARN_RANGE_LOOP_ANALYSIS = YES;
				CLANG_WARN_STRICT_PROTOTYPES = YES;
				CLANG_WARN_SUSPICIOUS_MOVE = YES;
				CLANG_WARN_UNGUARDED_AVAILABILITY = YES_AGGRESSIVE;
				CLANG_WARN_UNREACHABLE_CODE = YES;
				CLANG_WARN__DUPLICATE_METHOD_MATCH = YES;
				COPY_PHASE_STRIP = NO;
				DEBUG_INFORMATION_FORMAT = "dwarf-with-dsym";
				ENABLE_NS_ASSERTIONS = NO;
				ENABLE_STRICT_OBJC_MSGSEND = YES;
				GCC_C_LANGUAGE_STANDARD = gnu11;
				GCC_NO_COMMON_BLOCKS = YES;
				GCC_WARN_64_TO_32_BIT_CONVERSION = YES;
				GCC_WARN_ABOUT_RETURN_TYPE = YES_ERROR;
				GCC_WARN_UNDECLARED_SELECTOR = YES;
				GCC_WARN_UNINITIALIZED_AUTOS = YES_AGGRESSIVE;
				GCC_WARN_UNUSED_FUNCTION = YES;
				GCC_WARN_UNUSED_VARIABLE = YES;
				IPHONEOS_DEPLOYMENT_TARGET = 16.4;
				MTL_ENABLE_DEBUG_INFO = NO;
				MTL_FAST_MATH = YES;
				SDKROOT = iphoneos;
				SWIFT_COMPILATION_MODE = wholemodule;
				SWIFT_OPTIMIZATION_LEVEL = "-O";
				VALIDATE_PRODUCT = YES;
			};
			name = Release;
		};
		BDD44C7029FFAAC1006F5B2A /* Debug */ = {
			isa = XCBuildConfiguration;
			buildSettings = {
				ASSETCATALOG_COMPILER_APPICON_NAME = AppIcon;
				ASSETCATALOG_COMPILER_GLOBAL_ACCENT_COLOR_NAME = AccentColor;
				CODE_SIGN_STYLE = Automatic;
				CURRENT_PROJECT_VERSION = 1;
				DEVELOPMENT_TEAM = 5T77P5BHX5;
				GENERATE_INFOPLIST_FILE = YES;
				INFOPLIST_FILE = RickAndMorty/Info.plist;
				INFOPLIST_KEY_UIApplicationSupportsIndirectInputEvents = YES;
				INFOPLIST_KEY_UILaunchStoryboardName = LaunchScreen;
				INFOPLIST_KEY_UISupportedInterfaceOrientations_iPad = "UIInterfaceOrientationPortrait UIInterfaceOrientationPortraitUpsideDown UIInterfaceOrientationLandscapeLeft UIInterfaceOrientationLandscapeRight";
				INFOPLIST_KEY_UISupportedInterfaceOrientations_iPhone = "UIInterfaceOrientationPortrait UIInterfaceOrientationLandscapeLeft UIInterfaceOrientationLandscapeRight";
				LD_RUNPATH_SEARCH_PATHS = (
					"$(inherited)",
					"@executable_path/Frameworks",
				);
				MARKETING_VERSION = 1.0;
				PRODUCT_BUNDLE_IDENTIFIER = com.eunji.RickAndMorty;
				PRODUCT_NAME = "$(TARGET_NAME)";
				SWIFT_EMIT_LOC_STRINGS = YES;
				SWIFT_VERSION = 5.0;
				TARGETED_DEVICE_FAMILY = "1,2";
			};
			name = Debug;
		};
		BDD44C7129FFAAC1006F5B2A /* Release */ = {
			isa = XCBuildConfiguration;
			buildSettings = {
				ASSETCATALOG_COMPILER_APPICON_NAME = AppIcon;
				ASSETCATALOG_COMPILER_GLOBAL_ACCENT_COLOR_NAME = AccentColor;
				CODE_SIGN_STYLE = Automatic;
				CURRENT_PROJECT_VERSION = 1;
				DEVELOPMENT_TEAM = 5T77P5BHX5;
				GENERATE_INFOPLIST_FILE = YES;
				INFOPLIST_FILE = RickAndMorty/Info.plist;
				INFOPLIST_KEY_UIApplicationSupportsIndirectInputEvents = YES;
				INFOPLIST_KEY_UILaunchStoryboardName = LaunchScreen;
				INFOPLIST_KEY_UISupportedInterfaceOrientations_iPad = "UIInterfaceOrientationPortrait UIInterfaceOrientationPortraitUpsideDown UIInterfaceOrientationLandscapeLeft UIInterfaceOrientationLandscapeRight";
				INFOPLIST_KEY_UISupportedInterfaceOrientations_iPhone = "UIInterfaceOrientationPortrait UIInterfaceOrientationLandscapeLeft UIInterfaceOrientationLandscapeRight";
				LD_RUNPATH_SEARCH_PATHS = (
					"$(inherited)",
					"@executable_path/Frameworks",
				);
				MARKETING_VERSION = 1.0;
				PRODUCT_BUNDLE_IDENTIFIER = com.eunji.RickAndMorty;
				PRODUCT_NAME = "$(TARGET_NAME)";
				SWIFT_EMIT_LOC_STRINGS = YES;
				SWIFT_VERSION = 5.0;
				TARGETED_DEVICE_FAMILY = "1,2";
			};
			name = Release;
		};
/* End XCBuildConfiguration section */

/* Begin XCConfigurationList section */
		BDD44C5629FFAABF006F5B2A /* Build configuration list for PBXProject "RickAndMorty" */ = {
			isa = XCConfigurationList;
			buildConfigurations = (
				BDD44C6D29FFAAC1006F5B2A /* Debug */,
				BDD44C6E29FFAAC1006F5B2A /* Release */,
			);
			defaultConfigurationIsVisible = 0;
			defaultConfigurationName = Release;
		};
		BDD44C6F29FFAAC1006F5B2A /* Build configuration list for PBXNativeTarget "RickAndMorty" */ = {
			isa = XCConfigurationList;
			buildConfigurations = (
				BDD44C7029FFAAC1006F5B2A /* Debug */,
				BDD44C7129FFAAC1006F5B2A /* Release */,
			);
			defaultConfigurationIsVisible = 0;
			defaultConfigurationName = Release;
		};
/* End XCConfigurationList section */
	};
	rootObject = BDD44C5329FFAABF006F5B2A /* Project object */;
}
